
Microsoft Visual Studio Solution File, Format Version 12.00
# Visual Studio 15
Project("{FAE04EC0-301F-11D3-BF4B-00C04F79EFBC}") = "Hamilton_Tevin_Conditionals", "Hamilton_Tevin_Conditionals.csproj", "{1AEBF0F9-B10B-4CFE-8055-23A62D1909D2}"
EndProject
Global
	GlobalSection(SolutionConfigurationPlatforms) = preSolution
		Debug|Any CPU = Debug|Any CPU
		Release|Any CPU = Release|Any CPU
	EndGlobalSection
	GlobalSection(ProjectConfigurationPlatforms) = postSolution
		{1AEBF0F9-B10B-4CFE-8055-23A62D1909D2}.Debug|Any CPU.ActiveCfg = Debug|Any CPU
		{1AEBF0F9-B10B-4CFE-8055-23A62D1909D2}.Debug|Any CPU.Build.0 = Debug|Any CPU
		{1AEBF0F9-B10B-4CFE-8055-23A62D1909D2}.Release|Any CPU.ActiveCfg = Release|Any CPU
		{1AEBF0F9-B10B-4CFE-8055-23A62D1909D2}.Release|Any CPU.Build.0 = Release|Any CPU
	EndGlobalSection
EndGlobal
